// !$*UTF8*$!
{
	archiveVersion = 1;
	classes = {
	};
	objectVersion = 56;
	objects = {

/* Begin PBXBuildFile section */
		4A2FB3A82BF362EA0048F5B9 /* CreateSessionPresenter.swift in Sources */ = {isa = PBXBuildFile; fileRef = 4A2FB3A72BF362EA0048F5B9 /* CreateSessionPresenter.swift */; };
		4A2FB3AC2BF373A10048F5B9 /* UICollectionViewLayout+Extension.swift in Sources */ = {isa = PBXBuildFile; fileRef = 4A2FB3AB2BF373A10048F5B9 /* UICollectionViewLayout+Extension.swift */; };
		4A2FB3AE2BF374F60048F5B9 /* CreateSessionPresenterProtocol.swift in Sources */ = {isa = PBXBuildFile; fileRef = 4A2FB3AD2BF374F60048F5B9 /* CreateSessionPresenterProtocol.swift */; };
		4A2FB3B02BF780150048F5B9 /* CustomSegmentedControl.swift in Sources */ = {isa = PBXBuildFile; fileRef = 4A2FB3AF2BF780150048F5B9 /* CustomSegmentedControl.swift */; };
		4A6280322BDE846900102304 /* MainTableViewCell.swift in Sources */ = {isa = PBXBuildFile; fileRef = 4A6280312BDE846900102304 /* MainTableViewCell.swift */; };
		4A6280342BDED4E500102304 /* MainCoordinator.swift in Sources */ = {isa = PBXBuildFile; fileRef = 4A6280332BDED4E500102304 /* MainCoordinator.swift */; };
		4A6280362BDED59F00102304 /* MainSceneFactory.swift in Sources */ = {isa = PBXBuildFile; fileRef = 4A6280352BDED59F00102304 /* MainSceneFactory.swift */; };
		4A6280382BDED62600102304 /* MainPresenter.swift in Sources */ = {isa = PBXBuildFile; fileRef = 4A6280372BDED62600102304 /* MainPresenter.swift */; };
		4A62803E2BE2C72B00102304 /* MainPresenterProtocol.swift in Sources */ = {isa = PBXBuildFile; fileRef = 4A62803D2BE2C72B00102304 /* MainPresenterProtocol.swift */; };
		4A6280402BE3F23100102304 /* MainCellModel.swift in Sources */ = {isa = PBXBuildFile; fileRef = 4A62803F2BE3F23100102304 /* MainCellModel.swift */; };
		4A6280422BE9001200102304 /* CustomNavigationBar.swift in Sources */ = {isa = PBXBuildFile; fileRef = 4A6280412BE9001200102304 /* CustomNavigationBar.swift */; };
		4A6280442BEAAC3800102304 /* CreateSessionTableViewCell.swift in Sources */ = {isa = PBXBuildFile; fileRef = 4A6280432BEAAC3800102304 /* CreateSessionTableViewCell.swift */; };
		4A6280462BEAB02E00102304 /* CreateSessionCellModel.swift in Sources */ = {isa = PBXBuildFile; fileRef = 4A6280452BEAB02E00102304 /* CreateSessionCellModel.swift */; };
		4A6280482BEAB1FA00102304 /* MovieMockData.swift in Sources */ = {isa = PBXBuildFile; fileRef = 4A6280472BEAB1FA00102304 /* MovieMockData.swift */; };
		4A62804A2BECEB2300102304 /* CreateSessionCollectionCell.swift in Sources */ = {isa = PBXBuildFile; fileRef = 4A6280492BECEB2300102304 /* CreateSessionCollectionCell.swift */; };
		4A62804C2BF0EB7300102304 /* CustomWarningNotification.swift in Sources */ = {isa = PBXBuildFile; fileRef = 4A62804B2BF0EB7300102304 /* CustomWarningNotification.swift */; };
		4A62804F2BF13DBE00102304 /* InvitingUsersViewController.swift in Sources */ = {isa = PBXBuildFile; fileRef = 4A62804E2BF13DBE00102304 /* InvitingUsersViewController.swift */; };
		4AAEABA22C0C66D400A14C1D /* SelectionMovieMockData.swift in Sources */ = {isa = PBXBuildFile; fileRef = 4AAEABA12C0C66D400A14C1D /* SelectionMovieMockData.swift */; };
		4AAEABA42C0C673800A14C1D /* SelectionMovieCellModel.swift in Sources */ = {isa = PBXBuildFile; fileRef = 4AAEABA32C0C673800A14C1D /* SelectionMovieCellModel.swift */; };
		4AAEABA72C0C81C700A14C1D /* CustomMovieCollectionCell.swift in Sources */ = {isa = PBXBuildFile; fileRef = 4AAEABA62C0C81C700A14C1D /* CustomMovieCollectionCell.swift */; };
		4AAEABAC2C148BC000A14C1D /* CoincidencesViewController.swift in Sources */ = {isa = PBXBuildFile; fileRef = 4AAEABAB2C148BC000A14C1D /* CoincidencesViewController.swift */; };
		4AAEABAE2C15EEFC00A14C1D /* CreateSessionCoordinator.swift in Sources */ = {isa = PBXBuildFile; fileRef = 4AAEABAD2C15EEFC00A14C1D /* CreateSessionCoordinator.swift */; };
		4AAEABB02C15EF9600A14C1D /* CreateSessionFactory.swift in Sources */ = {isa = PBXBuildFile; fileRef = 4AAEABAF2C15EF9600A14C1D /* CreateSessionFactory.swift */; };
		4AAEABB22C1761F600A14C1D /* UIImage+Extension.swift in Sources */ = {isa = PBXBuildFile; fileRef = 4AAEABB12C1761F500A14C1D /* UIImage+Extension.swift */; };
		4AAEABB42C1DB51E00A14C1D /* SelectionMoviesPresenter.swift in Sources */ = {isa = PBXBuildFile; fileRef = 4AAEABB32C1DB51E00A14C1D /* SelectionMoviesPresenter.swift */; };
		4AAEABB62C1DB54900A14C1D /* SelectionMoviesPresenterProtocol.swift in Sources */ = {isa = PBXBuildFile; fileRef = 4AAEABB52C1DB54900A14C1D /* SelectionMoviesPresenterProtocol.swift */; };
		4AAEABB82C1DD20A00A14C1D /* SelectionMoviesFactory.swift in Sources */ = {isa = PBXBuildFile; fileRef = 4AAEABB72C1DD20A00A14C1D /* SelectionMoviesFactory.swift */; };
		4AAEABBA2C1DD24500A14C1D /* SelectionMoviesCoordinator.swift in Sources */ = {isa = PBXBuildFile; fileRef = 4AAEABB92C1DD24400A14C1D /* SelectionMoviesCoordinator.swift */; };
		4AAEABBD2C1DD6FA00A14C1D /* MatchViewController.swift in Sources */ = {isa = PBXBuildFile; fileRef = 4AAEABBC2C1DD6FA00A14C1D /* MatchViewController.swift */; };
		4AAEABBF2C261BCB00A14C1D /* SelectionMoviesViewProtocol.swift in Sources */ = {isa = PBXBuildFile; fileRef = 4AAEABBE2C261BCB00A14C1D /* SelectionMoviesViewProtocol.swift */; };
		4AAEABC32C2F04D100A14C1D /* CustomAlertOneButtonView.swift in Sources */ = {isa = PBXBuildFile; fileRef = 4AAEABC22C2F04D100A14C1D /* CustomAlertOneButtonView.swift */; };
		4AAEABC62C301D4000A14C1D /* DismissSelectionMoviesViewController.swift in Sources */ = {isa = PBXBuildFile; fileRef = 4AAEABC52C301D4000A14C1D /* DismissSelectionMoviesViewController.swift */; };
		4AAEABC82C301D6A00A14C1D /* DismissSelectionMoviesDelegate.swift in Sources */ = {isa = PBXBuildFile; fileRef = 4AAEABC72C301D6A00A14C1D /* DismissSelectionMoviesDelegate.swift */; };
		4AE89A442C08ACF9008DD0D4 /* SelectionMoviesViewController.swift in Sources */ = {isa = PBXBuildFile; fileRef = 4AE89A432C08ACF9008DD0D4 /* SelectionMoviesViewController.swift */; };
		4AE89A472C08AF53008DD0D4 /* CustomNavigationBarTwoButtons.swift in Sources */ = {isa = PBXBuildFile; fileRef = 4AE89A462C08AF53008DD0D4 /* CustomNavigationBarTwoButtons.swift */; };
		4AE89A492C0B2275008DD0D4 /* CustomMovieSelection.swift in Sources */ = {isa = PBXBuildFile; fileRef = 4AE89A482C0B2274008DD0D4 /* CustomMovieSelection.swift */; };
		C90CAB342BFAFA1100B42456 /* JoinSessionViewController.swift in Sources */ = {isa = PBXBuildFile; fileRef = C90CAB322BFAFA1100B42456 /* JoinSessionViewController.swift */; };
		C90CAB372BFAFA6B00B42456 /* Swinject in Frameworks */ = {isa = PBXBuildFile; productRef = C90CAB362BFAFA6B00B42456 /* Swinject */; };
		C91332D32C10B5DC0036FC44 /* MovieSelectionOnboardingViewController.swift in Sources */ = {isa = PBXBuildFile; fileRef = C91332D22C10B5DB0036FC44 /* MovieSelectionOnboardingViewController.swift */; };
		C91332D52C10BE820036FC44 /* MovieSelectionOnboardingCoordinator.swift in Sources */ = {isa = PBXBuildFile; fileRef = C91332D42C10BE820036FC44 /* MovieSelectionOnboardingCoordinator.swift */; };
		C91332D72C10BEEB0036FC44 /* MovieSelectionOnboardingPresenter.swift in Sources */ = {isa = PBXBuildFile; fileRef = C91332D62C10BEEB0036FC44 /* MovieSelectionOnboardingPresenter.swift */; };
		C91332D92C10BF2B0036FC44 /* MovieSelectionOnboardingProtocol.swift in Sources */ = {isa = PBXBuildFile; fileRef = C91332D82C10BF2B0036FC44 /* MovieSelectionOnboardingProtocol.swift */; };
		C91332DB2C10BFA30036FC44 /* MovieSelectionOnboardingSceneFactory.swift in Sources */ = {isa = PBXBuildFile; fileRef = C91332DA2C10BFA30036FC44 /* MovieSelectionOnboardingSceneFactory.swift */; };
		C91332DE2C11F0C20036FC44 /* ReusableOnboardingView.swift in Sources */ = {isa = PBXBuildFile; fileRef = C91332DD2C11F0C20036FC44 /* ReusableOnboardingView.swift */; };
		C91332E02C11F2470036FC44 /* ReusableOnboardingCollectionViewCell.swift in Sources */ = {isa = PBXBuildFile; fileRef = C91332DF2C11F2470036FC44 /* ReusableOnboardingCollectionViewCell.swift */; };
		C9147CB12C0611F50086A663 /* CustomAlertView.swift in Sources */ = {isa = PBXBuildFile; fileRef = C9147CB02C0611F50086A663 /* CustomAlertView.swift */; };
		C9147CB32C067FCC0086A663 /* DismissJoinSessionDelegate.swift in Sources */ = {isa = PBXBuildFile; fileRef = C9147CB22C067FCC0086A663 /* DismissJoinSessionDelegate.swift */; };
		C917E3F52BE6CED000B34639 /* AuthCoordinator.swift in Sources */ = {isa = PBXBuildFile; fileRef = C917E3F42BE6CED000B34639 /* AuthCoordinator.swift */; };
		C917E3F72BE6CF8200B34639 /* AuthViewProtocol.swift in Sources */ = {isa = PBXBuildFile; fileRef = C917E3F62BE6CF8200B34639 /* AuthViewProtocol.swift */; };
		C917E3F92BE6CFC700B34639 /* AuthPresenter.swift in Sources */ = {isa = PBXBuildFile; fileRef = C917E3F82BE6CFC700B34639 /* AuthPresenter.swift */; };
		C917E3FB2BE6D12000B34639 /* AuthSceneFactory.swift in Sources */ = {isa = PBXBuildFile; fileRef = C917E3FA2BE6D12000B34639 /* AuthSceneFactory.swift */; };
		C91DCC742BFEA1E8001BC065 /* JoinSessionCoordinator.swift in Sources */ = {isa = PBXBuildFile; fileRef = C91DCC732BFEA1E8001BC065 /* JoinSessionCoordinator.swift */; };
		C91DCC762BFEA1FA001BC065 /* JoinSessionPresenter.swift in Sources */ = {isa = PBXBuildFile; fileRef = C91DCC752BFEA1FA001BC065 /* JoinSessionPresenter.swift */; };
		C91DCC782BFEA20F001BC065 /* JoinSessionSceneFactory.swift in Sources */ = {isa = PBXBuildFile; fileRef = C91DCC772BFEA20F001BC065 /* JoinSessionSceneFactory.swift */; };
		C91DCC7A2BFEA31A001BC065 /* JoinSessionPresenterProtocol.swift in Sources */ = {isa = PBXBuildFile; fileRef = C91DCC792BFEA31A001BC065 /* JoinSessionPresenterProtocol.swift */; };
		C91DCC7C2BFEA33E001BC065 /* JoinSessionViewProtocol.swift in Sources */ = {isa = PBXBuildFile; fileRef = C91DCC7B2BFEA33E001BC065 /* JoinSessionViewProtocol.swift */; };
		C91DCC7E2C006AE1001BC065 /* ReusableUICollectionView.swift in Sources */ = {isa = PBXBuildFile; fileRef = C91DCC7D2C006AE1001BC065 /* ReusableUICollectionView.swift */; };
		C91DCC802C00B4F0001BC065 /* ReusableUICollectionViewCell.swift in Sources */ = {isa = PBXBuildFile; fileRef = C91DCC7F2C00B4F0001BC065 /* ReusableUICollectionViewCell.swift */; };
		C964B70D2BD8135400CF9AF0 /* OnboardingViewController.swift in Sources */ = {isa = PBXBuildFile; fileRef = C964B70C2BD8135400CF9AF0 /* OnboardingViewController.swift */; };
		C964B7102BD813B500CF9AF0 /* CustomButtons.swift in Sources */ = {isa = PBXBuildFile; fileRef = C964B70F2BD813B500CF9AF0 /* CustomButtons.swift */; };
		C96895CF2BE835EA002A99E6 /* AuthPresenterProtocol.swift in Sources */ = {isa = PBXBuildFile; fileRef = C96895CE2BE835EA002A99E6 /* AuthPresenterProtocol.swift */; };
		C96895D12BE88E4B002A99E6 /* Resources.swift in Sources */ = {isa = PBXBuildFile; fileRef = C96895D02BE88E4B002A99E6 /* Resources.swift */; };
		C9AF1EB52C0A0FA90080FC4A /* OnboardingPresenter.swift in Sources */ = {isa = PBXBuildFile; fileRef = C9AF1EB42C0A0FA90080FC4A /* OnboardingPresenter.swift */; };
		C9B57C6C2C0607450026E85D /* DismissJoinSessionViewController.swift in Sources */ = {isa = PBXBuildFile; fileRef = C9B57C6B2C0607450026E85D /* DismissJoinSessionViewController.swift */; };
		C9C4D59E2BD3A3C70081CD23 /* AppDelegate.swift in Sources */ = {isa = PBXBuildFile; fileRef = C9C4D59D2BD3A3C70081CD23 /* AppDelegate.swift */; };
		C9C4D5A02BD3A3C70081CD23 /* SceneDelegate.swift in Sources */ = {isa = PBXBuildFile; fileRef = C9C4D59F2BD3A3C70081CD23 /* SceneDelegate.swift */; };
		C9C4D5A72BD3A3CB0081CD23 /* Assets.xcassets in Resources */ = {isa = PBXBuildFile; fileRef = C9C4D5A62BD3A3CB0081CD23 /* Assets.xcassets */; };
		C9C4D5AA2BD3A3CB0081CD23 /* Base in Resources */ = {isa = PBXBuildFile; fileRef = C9C4D5A92BD3A3CB0081CD23 /* Base */; };
		C9C4D5B42BD3B3810081CD23 /* Kingfisher in Frameworks */ = {isa = PBXBuildFile; productRef = C9C4D5B32BD3B3810081CD23 /* Kingfisher */; };
		C9FCE9662BD3E4CF00FE655D /* DaysOne-Regular.ttf in Resources */ = {isa = PBXBuildFile; fileRef = C9FCE9522BD3E22B00FE655D /* DaysOne-Regular.ttf */; };
		C9FCE9672BD3E4D200FE655D /* Inter-Bold.otf in Resources */ = {isa = PBXBuildFile; fileRef = C9FCE95E2BD3E25C00FE655D /* Inter-Bold.otf */; };
		C9FCE9682BD3E4D300FE655D /* Inter-Medium.otf in Resources */ = {isa = PBXBuildFile; fileRef = C9FCE9612BD3E25D00FE655D /* Inter-Medium.otf */; };
		C9FCE9692BD3E4D600FE655D /* Inter-Regular.otf in Resources */ = {isa = PBXBuildFile; fileRef = C9FCE9582BD3E25900FE655D /* Inter-Regular.otf */; };
		C9FCE96A2BD3E4D800FE655D /* Inter-SemiBold.otf in Resources */ = {isa = PBXBuildFile; fileRef = C9FCE9562BD3E25800FE655D /* Inter-SemiBold.otf */; };
		C9FCE96D2BD3E53C00FE655D /* UIFont+Extension.swift in Sources */ = {isa = PBXBuildFile; fileRef = C9FCE96C2BD3E53C00FE655D /* UIFont+Extension.swift */; };
		E2B9BF872BD7B8EF00592578 /* CoordinatorProtocol.swift in Sources */ = {isa = PBXBuildFile; fileRef = E2B9BF862BD7B8EF00592578 /* CoordinatorProtocol.swift */; };
		E2B9BF892BD7BA2C00592578 /* AppCoordinatorProtocol.swift in Sources */ = {isa = PBXBuildFile; fileRef = E2B9BF882BD7BA2C00592578 /* AppCoordinatorProtocol.swift */; };
		E2B9BF932BD7C45B00592578 /* BaseCoordinator.swift in Sources */ = {isa = PBXBuildFile; fileRef = E2B9BF922BD7C45B00592578 /* BaseCoordinator.swift */; };
		E2B9BF952BD7C58F00592578 /* AppCoordinator.swift in Sources */ = {isa = PBXBuildFile; fileRef = E2B9BF942BD7C58F00592578 /* AppCoordinator.swift */; };
		E2B9BF972BD7C67600592578 /* OnboardingCoordinator.swift in Sources */ = {isa = PBXBuildFile; fileRef = E2B9BF962BD7C67600592578 /* OnboardingCoordinator.swift */; };
		E2B9BFA22BD7CEC300592578 /* AuthViewController.swift in Sources */ = {isa = PBXBuildFile; fileRef = E2B9BFA12BD7CEC300592578 /* AuthViewController.swift */; };
		E2B9BFA42BD7CF0300592578 /* MainViewController.swift in Sources */ = {isa = PBXBuildFile; fileRef = E2B9BFA32BD7CF0300592578 /* MainViewController.swift */; };
		E2B9BFA62BD7CF3000592578 /* CreateSessionViewController.swift in Sources */ = {isa = PBXBuildFile; fileRef = E2B9BFA52BD7CF3000592578 /* CreateSessionViewController.swift */; };
		E2B9BFAA2BD7CF7A00592578 /* FavoriteMoviesViewController.swift in Sources */ = {isa = PBXBuildFile; fileRef = E2B9BFA92BD7CF7A00592578 /* FavoriteMoviesViewController.swift */; };
		E2B9BFAC2BD8034C00592578 /* OnboardingPresenterProtocol.swift in Sources */ = {isa = PBXBuildFile; fileRef = E2B9BFAB2BD8034C00592578 /* OnboardingPresenterProtocol.swift */; };
		E2B9BFAE2BD8080100592578 /* OnboardingSceneFactory.swift in Sources */ = {isa = PBXBuildFile; fileRef = E2B9BFAD2BD8080100592578 /* OnboardingSceneFactory.swift */; };
		E2EFF0EC2C06134B0022D54C /* InvitingUsersPresenterProtocol.swift in Sources */ = {isa = PBXBuildFile; fileRef = E2EFF0EB2C06134B0022D54C /* InvitingUsersPresenterProtocol.swift */; };
		E2EFF0EE2C0613710022D54C /* InvitingUsersPresenter.swift in Sources */ = {isa = PBXBuildFile; fileRef = E2EFF0ED2C0613710022D54C /* InvitingUsersPresenter.swift */; };
		E2EFF0F02C0613D30022D54C /* InvitingUsersCoordinator.swift in Sources */ = {isa = PBXBuildFile; fileRef = E2EFF0EF2C0613D30022D54C /* InvitingUsersCoordinator.swift */; };
		E2EFF0F22C0615D60022D54C /* InvitingUsersFactory.swift in Sources */ = {isa = PBXBuildFile; fileRef = E2EFF0F12C0615D60022D54C /* InvitingUsersFactory.swift */; };
		E2EFF0F42C0616840022D54C /* InvitingUsersViewProtocol.swift in Sources */ = {isa = PBXBuildFile; fileRef = E2EFF0F32C0616840022D54C /* InvitingUsersViewProtocol.swift */; };
		E916A4AB2C26EA6D00B2C5D7 /* SessionsListViewControllerProtocol.swift in Sources */ = {isa = PBXBuildFile; fileRef = E916A4AA2C26EA6D00B2C5D7 /* SessionsListViewControllerProtocol.swift */; };
		E9A2701F2BE4C2940088652B /* CGFloat+Extensions.swift in Sources */ = {isa = PBXBuildFile; fileRef = E9A2701E2BE4C2940088652B /* CGFloat+Extensions.swift */; };
		E9A270222BE52BC20088652B /* MistakesViewController.swift in Sources */ = {isa = PBXBuildFile; fileRef = E9A270212BE52BC20088652B /* MistakesViewController.swift */; };
		E9A9E74C2C133CC600AEF879 /* SessionsListEmptyView.swift in Sources */ = {isa = PBXBuildFile; fileRef = E9A9E74B2C133CC600AEF879 /* SessionsListEmptyView.swift */; };
		E9A9E74E2C1345D100AEF879 /* SessionsListCell.swift in Sources */ = {isa = PBXBuildFile; fileRef = E9A9E74D2C1345D100AEF879 /* SessionsListCell.swift */; };
		E9BEFD802BE7D53A002E940B /* RoundedButton.swift in Sources */ = {isa = PBXBuildFile; fileRef = E9BEFD7F2BE7D53A002E940B /* RoundedButton.swift */; };
		E9C34A332C135F57002628F9 /* SessionsListViewController.swift in Sources */ = {isa = PBXBuildFile; fileRef = E9C34A322C135F57002628F9 /* SessionsListViewController.swift */; };
		E9C34A352C136085002628F9 /* SessionsListModel.swift in Sources */ = {isa = PBXBuildFile; fileRef = E9C34A342C136085002628F9 /* SessionsListModel.swift */; };
		E9FA32EB2C1A2B6B00036043 /* SessionsListCoordinator.swift in Sources */ = {isa = PBXBuildFile; fileRef = E9FA32EA2C1A2B6B00036043 /* SessionsListCoordinator.swift */; };
		E9FA32EE2C1A2FF300036043 /* SessionsListPresenterProtocol.swift in Sources */ = {isa = PBXBuildFile; fileRef = E9FA32ED2C1A2FF300036043 /* SessionsListPresenterProtocol.swift */; };
		E9FA32F02C1A309300036043 /* SessionsListPresenter.swift in Sources */ = {isa = PBXBuildFile; fileRef = E9FA32EF2C1A309300036043 /* SessionsListPresenter.swift */; };
/* End PBXBuildFile section */

/* Begin PBXFileReference section */
		4A2FB3A72BF362EA0048F5B9 /* CreateSessionPresenter.swift */ = {isa = PBXFileReference; lastKnownFileType = sourcecode.swift; path = CreateSessionPresenter.swift; sourceTree = "<group>"; };
		4A2FB3AB2BF373A10048F5B9 /* UICollectionViewLayout+Extension.swift */ = {isa = PBXFileReference; lastKnownFileType = sourcecode.swift; path = "UICollectionViewLayout+Extension.swift"; sourceTree = "<group>"; };
		4A2FB3AD2BF374F60048F5B9 /* CreateSessionPresenterProtocol.swift */ = {isa = PBXFileReference; lastKnownFileType = sourcecode.swift; path = CreateSessionPresenterProtocol.swift; sourceTree = "<group>"; };
		4A2FB3AF2BF780150048F5B9 /* CustomSegmentedControl.swift */ = {isa = PBXFileReference; lastKnownFileType = sourcecode.swift; path = CustomSegmentedControl.swift; sourceTree = "<group>"; };
		4A6280312BDE846900102304 /* MainTableViewCell.swift */ = {isa = PBXFileReference; lastKnownFileType = sourcecode.swift; path = MainTableViewCell.swift; sourceTree = "<group>"; };
		4A6280332BDED4E500102304 /* MainCoordinator.swift */ = {isa = PBXFileReference; lastKnownFileType = sourcecode.swift; path = MainCoordinator.swift; sourceTree = "<group>"; };
		4A6280352BDED59F00102304 /* MainSceneFactory.swift */ = {isa = PBXFileReference; lastKnownFileType = sourcecode.swift; path = MainSceneFactory.swift; sourceTree = "<group>"; };
		4A6280372BDED62600102304 /* MainPresenter.swift */ = {isa = PBXFileReference; lastKnownFileType = sourcecode.swift; path = MainPresenter.swift; sourceTree = "<group>"; };
		4A62803D2BE2C72B00102304 /* MainPresenterProtocol.swift */ = {isa = PBXFileReference; lastKnownFileType = sourcecode.swift; path = MainPresenterProtocol.swift; sourceTree = "<group>"; };
		4A62803F2BE3F23100102304 /* MainCellModel.swift */ = {isa = PBXFileReference; lastKnownFileType = sourcecode.swift; path = MainCellModel.swift; sourceTree = "<group>"; };
		4A6280412BE9001200102304 /* CustomNavigationBar.swift */ = {isa = PBXFileReference; lastKnownFileType = sourcecode.swift; path = CustomNavigationBar.swift; sourceTree = "<group>"; };
		4A6280432BEAAC3800102304 /* CreateSessionTableViewCell.swift */ = {isa = PBXFileReference; lastKnownFileType = sourcecode.swift; path = CreateSessionTableViewCell.swift; sourceTree = "<group>"; };
		4A6280452BEAB02E00102304 /* CreateSessionCellModel.swift */ = {isa = PBXFileReference; lastKnownFileType = sourcecode.swift; path = CreateSessionCellModel.swift; sourceTree = "<group>"; };
		4A6280472BEAB1FA00102304 /* MovieMockData.swift */ = {isa = PBXFileReference; lastKnownFileType = sourcecode.swift; path = MovieMockData.swift; sourceTree = "<group>"; };
		4A6280492BECEB2300102304 /* CreateSessionCollectionCell.swift */ = {isa = PBXFileReference; lastKnownFileType = sourcecode.swift; path = CreateSessionCollectionCell.swift; sourceTree = "<group>"; };
		4A62804B2BF0EB7300102304 /* CustomWarningNotification.swift */ = {isa = PBXFileReference; lastKnownFileType = sourcecode.swift; path = CustomWarningNotification.swift; sourceTree = "<group>"; };
		4A62804E2BF13DBE00102304 /* InvitingUsersViewController.swift */ = {isa = PBXFileReference; lastKnownFileType = sourcecode.swift; path = InvitingUsersViewController.swift; sourceTree = "<group>"; };
		4AAEABA12C0C66D400A14C1D /* SelectionMovieMockData.swift */ = {isa = PBXFileReference; lastKnownFileType = sourcecode.swift; path = SelectionMovieMockData.swift; sourceTree = "<group>"; };
		4AAEABA32C0C673800A14C1D /* SelectionMovieCellModel.swift */ = {isa = PBXFileReference; lastKnownFileType = sourcecode.swift; path = SelectionMovieCellModel.swift; sourceTree = "<group>"; };
		4AAEABA62C0C81C700A14C1D /* CustomMovieCollectionCell.swift */ = {isa = PBXFileReference; lastKnownFileType = sourcecode.swift; path = CustomMovieCollectionCell.swift; sourceTree = "<group>"; };
		4AAEABAB2C148BC000A14C1D /* CoincidencesViewController.swift */ = {isa = PBXFileReference; lastKnownFileType = sourcecode.swift; path = CoincidencesViewController.swift; sourceTree = "<group>"; };
		4AAEABAD2C15EEFC00A14C1D /* CreateSessionCoordinator.swift */ = {isa = PBXFileReference; lastKnownFileType = sourcecode.swift; path = CreateSessionCoordinator.swift; sourceTree = "<group>"; };
		4AAEABAF2C15EF9600A14C1D /* CreateSessionFactory.swift */ = {isa = PBXFileReference; lastKnownFileType = sourcecode.swift; path = CreateSessionFactory.swift; sourceTree = "<group>"; };
		4AAEABB12C1761F500A14C1D /* UIImage+Extension.swift */ = {isa = PBXFileReference; lastKnownFileType = sourcecode.swift; path = "UIImage+Extension.swift"; sourceTree = "<group>"; };
		4AAEABB32C1DB51E00A14C1D /* SelectionMoviesPresenter.swift */ = {isa = PBXFileReference; lastKnownFileType = sourcecode.swift; path = SelectionMoviesPresenter.swift; sourceTree = "<group>"; };
		4AAEABB52C1DB54900A14C1D /* SelectionMoviesPresenterProtocol.swift */ = {isa = PBXFileReference; lastKnownFileType = sourcecode.swift; path = SelectionMoviesPresenterProtocol.swift; sourceTree = "<group>"; };
		4AAEABB72C1DD20A00A14C1D /* SelectionMoviesFactory.swift */ = {isa = PBXFileReference; lastKnownFileType = sourcecode.swift; path = SelectionMoviesFactory.swift; sourceTree = "<group>"; };
		4AAEABB92C1DD24400A14C1D /* SelectionMoviesCoordinator.swift */ = {isa = PBXFileReference; lastKnownFileType = sourcecode.swift; path = SelectionMoviesCoordinator.swift; sourceTree = "<group>"; };
		4AAEABBC2C1DD6FA00A14C1D /* MatchViewController.swift */ = {isa = PBXFileReference; lastKnownFileType = sourcecode.swift; path = MatchViewController.swift; sourceTree = "<group>"; };
		4AAEABBE2C261BCB00A14C1D /* SelectionMoviesViewProtocol.swift */ = {isa = PBXFileReference; lastKnownFileType = sourcecode.swift; path = SelectionMoviesViewProtocol.swift; sourceTree = "<group>"; };
		4AAEABC22C2F04D100A14C1D /* CustomAlertOneButtonView.swift */ = {isa = PBXFileReference; lastKnownFileType = sourcecode.swift; path = CustomAlertOneButtonView.swift; sourceTree = "<group>"; };
		4AAEABC52C301D4000A14C1D /* DismissSelectionMoviesViewController.swift */ = {isa = PBXFileReference; lastKnownFileType = sourcecode.swift; path = DismissSelectionMoviesViewController.swift; sourceTree = "<group>"; };
		4AAEABC72C301D6A00A14C1D /* DismissSelectionMoviesDelegate.swift */ = {isa = PBXFileReference; lastKnownFileType = sourcecode.swift; path = DismissSelectionMoviesDelegate.swift; sourceTree = "<group>"; };
		4AE89A432C08ACF9008DD0D4 /* SelectionMoviesViewController.swift */ = {isa = PBXFileReference; lastKnownFileType = sourcecode.swift; path = SelectionMoviesViewController.swift; sourceTree = "<group>"; };
		4AE89A462C08AF53008DD0D4 /* CustomNavigationBarTwoButtons.swift */ = {isa = PBXFileReference; lastKnownFileType = sourcecode.swift; path = CustomNavigationBarTwoButtons.swift; sourceTree = "<group>"; };
		4AE89A482C0B2274008DD0D4 /* CustomMovieSelection.swift */ = {isa = PBXFileReference; lastKnownFileType = sourcecode.swift; path = CustomMovieSelection.swift; sourceTree = "<group>"; };
		C90CAB322BFAFA1100B42456 /* JoinSessionViewController.swift */ = {isa = PBXFileReference; fileEncoding = 4; lastKnownFileType = sourcecode.swift; path = JoinSessionViewController.swift; sourceTree = "<group>"; };
		C91332D22C10B5DB0036FC44 /* MovieSelectionOnboardingViewController.swift */ = {isa = PBXFileReference; lastKnownFileType = sourcecode.swift; path = MovieSelectionOnboardingViewController.swift; sourceTree = "<group>"; };
		C91332D42C10BE820036FC44 /* MovieSelectionOnboardingCoordinator.swift */ = {isa = PBXFileReference; lastKnownFileType = sourcecode.swift; path = MovieSelectionOnboardingCoordinator.swift; sourceTree = "<group>"; };
		C91332D62C10BEEB0036FC44 /* MovieSelectionOnboardingPresenter.swift */ = {isa = PBXFileReference; lastKnownFileType = sourcecode.swift; path = MovieSelectionOnboardingPresenter.swift; sourceTree = "<group>"; };
		C91332D82C10BF2B0036FC44 /* MovieSelectionOnboardingProtocol.swift */ = {isa = PBXFileReference; lastKnownFileType = sourcecode.swift; path = MovieSelectionOnboardingProtocol.swift; sourceTree = "<group>"; };
		C91332DA2C10BFA30036FC44 /* MovieSelectionOnboardingSceneFactory.swift */ = {isa = PBXFileReference; lastKnownFileType = sourcecode.swift; path = MovieSelectionOnboardingSceneFactory.swift; sourceTree = "<group>"; };
		C91332DD2C11F0C20036FC44 /* ReusableOnboardingView.swift */ = {isa = PBXFileReference; lastKnownFileType = sourcecode.swift; path = ReusableOnboardingView.swift; sourceTree = "<group>"; };
		C91332DF2C11F2470036FC44 /* ReusableOnboardingCollectionViewCell.swift */ = {isa = PBXFileReference; lastKnownFileType = sourcecode.swift; path = ReusableOnboardingCollectionViewCell.swift; sourceTree = "<group>"; };
		C9147CB02C0611F50086A663 /* CustomAlertView.swift */ = {isa = PBXFileReference; lastKnownFileType = sourcecode.swift; path = CustomAlertView.swift; sourceTree = "<group>"; };
		C9147CB22C067FCC0086A663 /* DismissJoinSessionDelegate.swift */ = {isa = PBXFileReference; lastKnownFileType = sourcecode.swift; path = DismissJoinSessionDelegate.swift; sourceTree = "<group>"; };
		C917E3F42BE6CED000B34639 /* AuthCoordinator.swift */ = {isa = PBXFileReference; lastKnownFileType = sourcecode.swift; path = AuthCoordinator.swift; sourceTree = "<group>"; };
		C917E3F62BE6CF8200B34639 /* AuthViewProtocol.swift */ = {isa = PBXFileReference; lastKnownFileType = sourcecode.swift; path = AuthViewProtocol.swift; sourceTree = "<group>"; };
		C917E3F82BE6CFC700B34639 /* AuthPresenter.swift */ = {isa = PBXFileReference; lastKnownFileType = sourcecode.swift; path = AuthPresenter.swift; sourceTree = "<group>"; };
		C917E3FA2BE6D12000B34639 /* AuthSceneFactory.swift */ = {isa = PBXFileReference; lastKnownFileType = sourcecode.swift; path = AuthSceneFactory.swift; sourceTree = "<group>"; };
		C91DCC732BFEA1E8001BC065 /* JoinSessionCoordinator.swift */ = {isa = PBXFileReference; lastKnownFileType = sourcecode.swift; path = JoinSessionCoordinator.swift; sourceTree = "<group>"; };
		C91DCC752BFEA1FA001BC065 /* JoinSessionPresenter.swift */ = {isa = PBXFileReference; lastKnownFileType = sourcecode.swift; path = JoinSessionPresenter.swift; sourceTree = "<group>"; };
		C91DCC772BFEA20F001BC065 /* JoinSessionSceneFactory.swift */ = {isa = PBXFileReference; lastKnownFileType = sourcecode.swift; path = JoinSessionSceneFactory.swift; sourceTree = "<group>"; };
		C91DCC792BFEA31A001BC065 /* JoinSessionPresenterProtocol.swift */ = {isa = PBXFileReference; lastKnownFileType = sourcecode.swift; path = JoinSessionPresenterProtocol.swift; sourceTree = "<group>"; };
		C91DCC7B2BFEA33E001BC065 /* JoinSessionViewProtocol.swift */ = {isa = PBXFileReference; lastKnownFileType = sourcecode.swift; path = JoinSessionViewProtocol.swift; sourceTree = "<group>"; };
		C91DCC7D2C006AE1001BC065 /* ReusableUICollectionView.swift */ = {isa = PBXFileReference; lastKnownFileType = sourcecode.swift; path = ReusableUICollectionView.swift; sourceTree = "<group>"; };
		C91DCC7F2C00B4F0001BC065 /* ReusableUICollectionViewCell.swift */ = {isa = PBXFileReference; lastKnownFileType = sourcecode.swift; path = ReusableUICollectionViewCell.swift; sourceTree = "<group>"; };
		C964B70C2BD8135400CF9AF0 /* OnboardingViewController.swift */ = {isa = PBXFileReference; fileEncoding = 4; lastKnownFileType = sourcecode.swift; path = OnboardingViewController.swift; sourceTree = "<group>"; };
		C964B70F2BD813B500CF9AF0 /* CustomButtons.swift */ = {isa = PBXFileReference; fileEncoding = 4; lastKnownFileType = sourcecode.swift; path = CustomButtons.swift; sourceTree = "<group>"; };
		C96895CE2BE835EA002A99E6 /* AuthPresenterProtocol.swift */ = {isa = PBXFileReference; lastKnownFileType = sourcecode.swift; path = AuthPresenterProtocol.swift; sourceTree = "<group>"; };
		C96895D02BE88E4B002A99E6 /* Resources.swift */ = {isa = PBXFileReference; lastKnownFileType = sourcecode.swift; path = Resources.swift; sourceTree = "<group>"; };
		C9AF1EB42C0A0FA90080FC4A /* OnboardingPresenter.swift */ = {isa = PBXFileReference; lastKnownFileType = sourcecode.swift; path = OnboardingPresenter.swift; sourceTree = "<group>"; };
		C9B57C6B2C0607450026E85D /* DismissJoinSessionViewController.swift */ = {isa = PBXFileReference; lastKnownFileType = sourcecode.swift; path = DismissJoinSessionViewController.swift; sourceTree = "<group>"; };
		C9C4D59A2BD3A3C70081CD23 /* DavaiPosmotrim.app */ = {isa = PBXFileReference; explicitFileType = wrapper.application; includeInIndex = 0; path = DavaiPosmotrim.app; sourceTree = BUILT_PRODUCTS_DIR; };
		C9C4D59D2BD3A3C70081CD23 /* AppDelegate.swift */ = {isa = PBXFileReference; lastKnownFileType = sourcecode.swift; path = AppDelegate.swift; sourceTree = "<group>"; };
		C9C4D59F2BD3A3C70081CD23 /* SceneDelegate.swift */ = {isa = PBXFileReference; lastKnownFileType = sourcecode.swift; path = SceneDelegate.swift; sourceTree = "<group>"; };
		C9C4D5A62BD3A3CB0081CD23 /* Assets.xcassets */ = {isa = PBXFileReference; lastKnownFileType = folder.assetcatalog; path = Assets.xcassets; sourceTree = "<group>"; };
		C9C4D5A92BD3A3CB0081CD23 /* Base */ = {isa = PBXFileReference; lastKnownFileType = file.storyboard; name = Base; path = Base.lproj/LaunchScreen.storyboard; sourceTree = "<group>"; };
		C9C4D5AB2BD3A3CB0081CD23 /* Info.plist */ = {isa = PBXFileReference; lastKnownFileType = text.plist.xml; path = Info.plist; sourceTree = "<group>"; };
		C9FCE9522BD3E22B00FE655D /* DaysOne-Regular.ttf */ = {isa = PBXFileReference; lastKnownFileType = file; path = "DaysOne-Regular.ttf"; sourceTree = "<group>"; };
		C9FCE9562BD3E25800FE655D /* Inter-SemiBold.otf */ = {isa = PBXFileReference; lastKnownFileType = file; path = "Inter-SemiBold.otf"; sourceTree = "<group>"; };
		C9FCE9582BD3E25900FE655D /* Inter-Regular.otf */ = {isa = PBXFileReference; lastKnownFileType = file; path = "Inter-Regular.otf"; sourceTree = "<group>"; };
		C9FCE95E2BD3E25C00FE655D /* Inter-Bold.otf */ = {isa = PBXFileReference; lastKnownFileType = file; path = "Inter-Bold.otf"; sourceTree = "<group>"; };
		C9FCE9612BD3E25D00FE655D /* Inter-Medium.otf */ = {isa = PBXFileReference; lastKnownFileType = file; path = "Inter-Medium.otf"; sourceTree = "<group>"; };
		C9FCE96C2BD3E53C00FE655D /* UIFont+Extension.swift */ = {isa = PBXFileReference; lastKnownFileType = sourcecode.swift; path = "UIFont+Extension.swift"; sourceTree = "<group>"; };
		E2B9BF862BD7B8EF00592578 /* CoordinatorProtocol.swift */ = {isa = PBXFileReference; lastKnownFileType = sourcecode.swift; path = CoordinatorProtocol.swift; sourceTree = "<group>"; };
		E2B9BF882BD7BA2C00592578 /* AppCoordinatorProtocol.swift */ = {isa = PBXFileReference; lastKnownFileType = sourcecode.swift; path = AppCoordinatorProtocol.swift; sourceTree = "<group>"; };
		E2B9BF922BD7C45B00592578 /* BaseCoordinator.swift */ = {isa = PBXFileReference; lastKnownFileType = sourcecode.swift; path = BaseCoordinator.swift; sourceTree = "<group>"; };
		E2B9BF942BD7C58F00592578 /* AppCoordinator.swift */ = {isa = PBXFileReference; lastKnownFileType = sourcecode.swift; path = AppCoordinator.swift; sourceTree = "<group>"; };
		E2B9BF962BD7C67600592578 /* OnboardingCoordinator.swift */ = {isa = PBXFileReference; lastKnownFileType = sourcecode.swift; path = OnboardingCoordinator.swift; sourceTree = "<group>"; };
		E2B9BFA12BD7CEC300592578 /* AuthViewController.swift */ = {isa = PBXFileReference; lastKnownFileType = sourcecode.swift; path = AuthViewController.swift; sourceTree = "<group>"; };
		E2B9BFA32BD7CF0300592578 /* MainViewController.swift */ = {isa = PBXFileReference; lastKnownFileType = sourcecode.swift; path = MainViewController.swift; sourceTree = "<group>"; };
		E2B9BFA52BD7CF3000592578 /* CreateSessionViewController.swift */ = {isa = PBXFileReference; lastKnownFileType = sourcecode.swift; path = CreateSessionViewController.swift; sourceTree = "<group>"; };
		E2B9BFA92BD7CF7A00592578 /* FavoriteMoviesViewController.swift */ = {isa = PBXFileReference; lastKnownFileType = sourcecode.swift; path = FavoriteMoviesViewController.swift; sourceTree = "<group>"; };
		E2B9BFAB2BD8034C00592578 /* OnboardingPresenterProtocol.swift */ = {isa = PBXFileReference; lastKnownFileType = sourcecode.swift; path = OnboardingPresenterProtocol.swift; sourceTree = "<group>"; };
		E2B9BFAD2BD8080100592578 /* OnboardingSceneFactory.swift */ = {isa = PBXFileReference; lastKnownFileType = sourcecode.swift; path = OnboardingSceneFactory.swift; sourceTree = "<group>"; };
		E2EFF0EB2C06134B0022D54C /* InvitingUsersPresenterProtocol.swift */ = {isa = PBXFileReference; lastKnownFileType = sourcecode.swift; path = InvitingUsersPresenterProtocol.swift; sourceTree = "<group>"; };
		E2EFF0ED2C0613710022D54C /* InvitingUsersPresenter.swift */ = {isa = PBXFileReference; lastKnownFileType = sourcecode.swift; path = InvitingUsersPresenter.swift; sourceTree = "<group>"; };
		E2EFF0EF2C0613D30022D54C /* InvitingUsersCoordinator.swift */ = {isa = PBXFileReference; lastKnownFileType = sourcecode.swift; path = InvitingUsersCoordinator.swift; sourceTree = "<group>"; };
		E2EFF0F12C0615D60022D54C /* InvitingUsersFactory.swift */ = {isa = PBXFileReference; lastKnownFileType = sourcecode.swift; path = InvitingUsersFactory.swift; sourceTree = "<group>"; };
		E2EFF0F32C0616840022D54C /* InvitingUsersViewProtocol.swift */ = {isa = PBXFileReference; lastKnownFileType = sourcecode.swift; path = InvitingUsersViewProtocol.swift; sourceTree = "<group>"; };
		E916A4AA2C26EA6D00B2C5D7 /* SessionsListViewControllerProtocol.swift */ = {isa = PBXFileReference; lastKnownFileType = sourcecode.swift; path = SessionsListViewControllerProtocol.swift; sourceTree = "<group>"; };
		E9A2701E2BE4C2940088652B /* CGFloat+Extensions.swift */ = {isa = PBXFileReference; lastKnownFileType = sourcecode.swift; path = "CGFloat+Extensions.swift"; sourceTree = "<group>"; };
		E9A270212BE52BC20088652B /* MistakesViewController.swift */ = {isa = PBXFileReference; lastKnownFileType = sourcecode.swift; path = MistakesViewController.swift; sourceTree = "<group>"; };
		E9A9E74B2C133CC600AEF879 /* SessionsListEmptyView.swift */ = {isa = PBXFileReference; lastKnownFileType = sourcecode.swift; path = SessionsListEmptyView.swift; sourceTree = "<group>"; };
		E9A9E74D2C1345D100AEF879 /* SessionsListCell.swift */ = {isa = PBXFileReference; lastKnownFileType = sourcecode.swift; path = SessionsListCell.swift; sourceTree = "<group>"; };
		E9BEFD7F2BE7D53A002E940B /* RoundedButton.swift */ = {isa = PBXFileReference; lastKnownFileType = sourcecode.swift; path = RoundedButton.swift; sourceTree = "<group>"; };
		E9C34A322C135F57002628F9 /* SessionsListViewController.swift */ = {isa = PBXFileReference; lastKnownFileType = sourcecode.swift; path = SessionsListViewController.swift; sourceTree = "<group>"; };
		E9C34A342C136085002628F9 /* SessionsListModel.swift */ = {isa = PBXFileReference; lastKnownFileType = sourcecode.swift; path = SessionsListModel.swift; sourceTree = "<group>"; };
		E9FA32EA2C1A2B6B00036043 /* SessionsListCoordinator.swift */ = {isa = PBXFileReference; lastKnownFileType = sourcecode.swift; path = SessionsListCoordinator.swift; sourceTree = "<group>"; };
		E9FA32ED2C1A2FF300036043 /* SessionsListPresenterProtocol.swift */ = {isa = PBXFileReference; lastKnownFileType = sourcecode.swift; path = SessionsListPresenterProtocol.swift; sourceTree = "<group>"; };
		E9FA32EF2C1A309300036043 /* SessionsListPresenter.swift */ = {isa = PBXFileReference; lastKnownFileType = sourcecode.swift; path = SessionsListPresenter.swift; sourceTree = "<group>"; };
/* End PBXFileReference section */

/* Begin PBXFrameworksBuildPhase section */
		C9C4D5972BD3A3C70081CD23 /* Frameworks */ = {
			isa = PBXFrameworksBuildPhase;
			buildActionMask = 2147483647;
			files = (
				C9C4D5B42BD3B3810081CD23 /* Kingfisher in Frameworks */,
				C90CAB372BFAFA6B00B42456 /* Swinject in Frameworks */,
			);
			runOnlyForDeploymentPostprocessing = 0;
		};
/* End PBXFrameworksBuildPhase section */

/* Begin PBXGroup section */
		4A62804D2BF13D7400102304 /* InvitingUsersFlow */ = {
			isa = PBXGroup;
			children = (
				E2EFF0F32C0616840022D54C /* InvitingUsersViewProtocol.swift */,
				4A62804E2BF13DBE00102304 /* InvitingUsersViewController.swift */,
				E2EFF0EB2C06134B0022D54C /* InvitingUsersPresenterProtocol.swift */,
				E2EFF0ED2C0613710022D54C /* InvitingUsersPresenter.swift */,
				E2EFF0EF2C0613D30022D54C /* InvitingUsersCoordinator.swift */,
				E2EFF0F12C0615D60022D54C /* InvitingUsersFactory.swift */,
			);
			path = InvitingUsersFlow;
			sourceTree = "<group>";
		};
		4AAEABA52C0C817900A14C1D /* CustomMovieSelection */ = {
			isa = PBXGroup;
			children = (
				4AE89A482C0B2274008DD0D4 /* CustomMovieSelection.swift */,
				4AAEABA62C0C81C700A14C1D /* CustomMovieCollectionCell.swift */,
			);
			path = CustomMovieSelection;
			sourceTree = "<group>";
		};
		4AAEABAA2C148B8600A14C1D /* CoincidencesFlow */ = {
			isa = PBXGroup;
			children = (
				4AAEABAB2C148BC000A14C1D /* CoincidencesViewController.swift */,
			);
			path = CoincidencesFlow;
			sourceTree = "<group>";
		};
		4AAEABBB2C1DD6E000A14C1D /* MatchFlow */ = {
			isa = PBXGroup;
			children = (
				4AAEABBC2C1DD6FA00A14C1D /* MatchViewController.swift */,
			);
			path = MatchFlow;
			sourceTree = "<group>";
		};
		4AAEABC42C301D3400A14C1D /* DismissSelectionMoviesViewController */ = {
			isa = PBXGroup;
			children = (
				4AAEABC52C301D4000A14C1D /* DismissSelectionMoviesViewController.swift */,
				4AAEABC72C301D6A00A14C1D /* DismissSelectionMoviesDelegate.swift */,
			);
			path = DismissSelectionMoviesViewController;
			sourceTree = "<group>";
		};
		4AE89A452C08AD0C008DD0D4 /* SelectionMoviesFlow */ = {
			isa = PBXGroup;
			children = (
				4AAEABC42C301D3400A14C1D /* DismissSelectionMoviesViewController */,
				4AAEABA12C0C66D400A14C1D /* SelectionMovieMockData.swift */,
				4AAEABA32C0C673800A14C1D /* SelectionMovieCellModel.swift */,
				4AE89A432C08ACF9008DD0D4 /* SelectionMoviesViewController.swift */,
				4AAEABB32C1DB51E00A14C1D /* SelectionMoviesPresenter.swift */,
				4AAEABBE2C261BCB00A14C1D /* SelectionMoviesViewProtocol.swift */,
				4AAEABB52C1DB54900A14C1D /* SelectionMoviesPresenterProtocol.swift */,
				4AAEABB72C1DD20A00A14C1D /* SelectionMoviesFactory.swift */,
				4AAEABB92C1DD24400A14C1D /* SelectionMoviesCoordinator.swift */,
			);
			path = SelectionMoviesFlow;
			sourceTree = "<group>";
		};
		C90CAB332BFAFA1100B42456 /* JoinSessionFlow */ = {
			isa = PBXGroup;
			children = (
				C9B57C6A2C0607050026E85D /* DismissJoinSessionVIewController */,
				C91DCC732BFEA1E8001BC065 /* JoinSessionCoordinator.swift */,
				C91DCC752BFEA1FA001BC065 /* JoinSessionPresenter.swift */,
				C91DCC772BFEA20F001BC065 /* JoinSessionSceneFactory.swift */,
				C90CAB322BFAFA1100B42456 /* JoinSessionViewController.swift */,
				C91DCC792BFEA31A001BC065 /* JoinSessionPresenterProtocol.swift */,
				C91DCC7B2BFEA33E001BC065 /* JoinSessionViewProtocol.swift */,
			);
			path = JoinSessionFlow;
			sourceTree = "<group>";
		};
		C91332D12C10B30E0036FC44 /* MovieSelectionOnboardingFlow */ = {
			isa = PBXGroup;
			children = (
				C91332D22C10B5DB0036FC44 /* MovieSelectionOnboardingViewController.swift */,
				C91332D42C10BE820036FC44 /* MovieSelectionOnboardingCoordinator.swift */,
				C91332D62C10BEEB0036FC44 /* MovieSelectionOnboardingPresenter.swift */,
				C91332D82C10BF2B0036FC44 /* MovieSelectionOnboardingProtocol.swift */,
				C91332DA2C10BFA30036FC44 /* MovieSelectionOnboardingSceneFactory.swift */,
			);
			path = MovieSelectionOnboardingFlow;
			sourceTree = "<group>";
		};
		C91332DC2C11F0990036FC44 /* ReusableOnboarding */ = {
			isa = PBXGroup;
			children = (
				C91332DD2C11F0C20036FC44 /* ReusableOnboardingView.swift */,
				C91332DF2C11F2470036FC44 /* ReusableOnboardingCollectionViewCell.swift */,
			);
			path = ReusableOnboarding;
			sourceTree = "<group>";
		};
		C964B70E2BD8137800CF9AF0 /* UI */ = {
			isa = PBXGroup;
			children = (
				C91332DC2C11F0990036FC44 /* ReusableOnboarding */,
				C9D44CF42C03FFB90080AD33 /* ReusableCollection */,
				4AAEABA52C0C817900A14C1D /* CustomMovieSelection */,
				C964B70F2BD813B500CF9AF0 /* CustomButtons.swift */,
				E9BEFD7F2BE7D53A002E940B /* RoundedButton.swift */,
				4A6280412BE9001200102304 /* CustomNavigationBar.swift */,
				4A62804B2BF0EB7300102304 /* CustomWarningNotification.swift */,
				4A2FB3AF2BF780150048F5B9 /* CustomSegmentedControl.swift */,
				C9147CB02C0611F50086A663 /* CustomAlertView.swift */,
				4AAEABC22C2F04D100A14C1D /* CustomAlertOneButtonView.swift */,
				4AE89A462C08AF53008DD0D4 /* CustomNavigationBarTwoButtons.swift */,
			);
			path = UI;
			sourceTree = "<group>";
		};
		C9B57C6A2C0607050026E85D /* DismissJoinSessionVIewController */ = {
			isa = PBXGroup;
			children = (
				C9B57C6B2C0607450026E85D /* DismissJoinSessionViewController.swift */,
				C9147CB22C067FCC0086A663 /* DismissJoinSessionDelegate.swift */,
			);
			path = DismissJoinSessionVIewController;
			sourceTree = "<group>";
		};
		C9C4D5912BD3A3C70081CD23 = {
			isa = PBXGroup;
			children = (
				C9C4D59C2BD3A3C70081CD23 /* DavaiPosmotrim */,
				C9C4D59B2BD3A3C70081CD23 /* Products */,
			);
			sourceTree = "<group>";
		};
		C9C4D59B2BD3A3C70081CD23 /* Products */ = {
			isa = PBXGroup;
			children = (
				C9C4D59A2BD3A3C70081CD23 /* DavaiPosmotrim.app */,
			);
			name = Products;
			sourceTree = "<group>";
		};
		C9C4D59C2BD3A3C70081CD23 /* DavaiPosmotrim */ = {
			isa = PBXGroup;
			children = (
				4AAEABBB2C1DD6E000A14C1D /* MatchFlow */,
				E2B9BF8C2BD7BD0900592578 /* Application */,
				E2B9BF912BD7BF2300592578 /* Protocols */,
				4A62804D2BF13D7400102304 /* InvitingUsersFlow */,
				E2B9BFA02BD7CDE500592578 /* FavoriteMoviesFlow */,
				E9C34A312C135EAC002628F9 /* SessionsListFlow */,
				E2B9BF9E2BD7CDCB00592578 /* CreateSessionFlow */,
				4AE89A452C08AD0C008DD0D4 /* SelectionMoviesFlow */,
				4AAEABAA2C148B8600A14C1D /* CoincidencesFlow */,
				E2B9BF9C2BD7CDB800592578 /* AuthFlow */,
				C90CAB332BFAFA1100B42456 /* JoinSessionFlow */,
				E2B9BF9B2BD7CDAD00592578 /* OnboardingFlow */,
				C91332D12C10B30E0036FC44 /* MovieSelectionOnboardingFlow */,
				E2B9BF9A2BD7CDA600592578 /* MainFlow */,
				C9C4D5AB2BD3A3CB0081CD23 /* Info.plist */,
				C9C4D59D2BD3A3C70081CD23 /* AppDelegate.swift */,
				C9C4D59F2BD3A3C70081CD23 /* SceneDelegate.swift */,
				C9FCE96B2BD3E52700FE655D /* Helpers */,
				E9A270202BE52B980088652B /* Mistakes */,
				C9FCE9502BD3E05400FE655D /* Resources */,
				C964B70E2BD8137800CF9AF0 /* UI */,
			);
			path = DavaiPosmotrim;
			sourceTree = "<group>";
		};
		C9D44CF42C03FFB90080AD33 /* ReusableCollection */ = {
			isa = PBXGroup;
			children = (
				C91DCC7D2C006AE1001BC065 /* ReusableUICollectionView.swift */,
				C91DCC7F2C00B4F0001BC065 /* ReusableUICollectionViewCell.swift */,
			);
			path = ReusableCollection;
			sourceTree = "<group>";
		};
		C9FCE9502BD3E05400FE655D /* Resources */ = {
			isa = PBXGroup;
			children = (
				C9FCE9512BD3E11600FE655D /* Fonts */,
				C9C4D5A62BD3A3CB0081CD23 /* Assets.xcassets */,
				C9C4D5A82BD3A3CB0081CD23 /* LaunchScreen.storyboard */,
				C96895D02BE88E4B002A99E6 /* Resources.swift */,
			);
			path = Resources;
			sourceTree = "<group>";
		};
		C9FCE9512BD3E11600FE655D /* Fonts */ = {
			isa = PBXGroup;
			children = (
				C9FCE9522BD3E22B00FE655D /* DaysOne-Regular.ttf */,
				C9FCE95E2BD3E25C00FE655D /* Inter-Bold.otf */,
				C9FCE9612BD3E25D00FE655D /* Inter-Medium.otf */,
				C9FCE9582BD3E25900FE655D /* Inter-Regular.otf */,
				C9FCE9562BD3E25800FE655D /* Inter-SemiBold.otf */,
			);
			path = Fonts;
			sourceTree = "<group>";
		};
		C9FCE96B2BD3E52700FE655D /* Helpers */ = {
			isa = PBXGroup;
			children = (
				C9FCE96C2BD3E53C00FE655D /* UIFont+Extension.swift */,
				E9A2701E2BE4C2940088652B /* CGFloat+Extensions.swift */,
				4A2FB3AB2BF373A10048F5B9 /* UICollectionViewLayout+Extension.swift */,
				4AAEABB12C1761F500A14C1D /* UIImage+Extension.swift */,
			);
			path = Helpers;
			sourceTree = "<group>";
		};
		E2B9BF8C2BD7BD0900592578 /* Application */ = {
			isa = PBXGroup;
			children = (
				E2B9BF942BD7C58F00592578 /* AppCoordinator.swift */,
				E2B9BF922BD7C45B00592578 /* BaseCoordinator.swift */,
			);
			path = Application;
			sourceTree = "<group>";
		};
		E2B9BF912BD7BF2300592578 /* Protocols */ = {
			isa = PBXGroup;
			children = (
				E2B9BF862BD7B8EF00592578 /* CoordinatorProtocol.swift */,
				E2B9BF882BD7BA2C00592578 /* AppCoordinatorProtocol.swift */,
			);
			path = Protocols;
			sourceTree = "<group>";
		};
		E2B9BF9A2BD7CDA600592578 /* MainFlow */ = {
			isa = PBXGroup;
			children = (
				4A62803F2BE3F23100102304 /* MainCellModel.swift */,
				4A62803D2BE2C72B00102304 /* MainPresenterProtocol.swift */,
				E2B9BFA32BD7CF0300592578 /* MainViewController.swift */,
				4A6280312BDE846900102304 /* MainTableViewCell.swift */,
				4A6280372BDED62600102304 /* MainPresenter.swift */,
				4A6280332BDED4E500102304 /* MainCoordinator.swift */,
				4A6280352BDED59F00102304 /* MainSceneFactory.swift */,
			);
			path = MainFlow;
			sourceTree = "<group>";
		};
		E2B9BF9B2BD7CDAD00592578 /* OnboardingFlow */ = {
			isa = PBXGroup;
			children = (
				C964B70C2BD8135400CF9AF0 /* OnboardingViewController.swift */,
				E2B9BF962BD7C67600592578 /* OnboardingCoordinator.swift */,
				E2B9BFAB2BD8034C00592578 /* OnboardingPresenterProtocol.swift */,
				E2B9BFAD2BD8080100592578 /* OnboardingSceneFactory.swift */,
				C9AF1EB42C0A0FA90080FC4A /* OnboardingPresenter.swift */,
			);
			path = OnboardingFlow;
			sourceTree = "<group>";
		};
		E2B9BF9C2BD7CDB800592578 /* AuthFlow */ = {
			isa = PBXGroup;
			children = (
				E2B9BFA12BD7CEC300592578 /* AuthViewController.swift */,
				C917E3F42BE6CED000B34639 /* AuthCoordinator.swift */,
				C917E3F82BE6CFC700B34639 /* AuthPresenter.swift */,
				C96895CE2BE835EA002A99E6 /* AuthPresenterProtocol.swift */,
				C917E3FA2BE6D12000B34639 /* AuthSceneFactory.swift */,
				C917E3F62BE6CF8200B34639 /* AuthViewProtocol.swift */,
			);
			path = AuthFlow;
			sourceTree = "<group>";
		};
		E2B9BF9E2BD7CDCB00592578 /* CreateSessionFlow */ = {
			isa = PBXGroup;
			children = (
				4A6280472BEAB1FA00102304 /* MovieMockData.swift */,
				4A2FB3AD2BF374F60048F5B9 /* CreateSessionPresenterProtocol.swift */,
				4A6280452BEAB02E00102304 /* CreateSessionCellModel.swift */,
				E2B9BFA52BD7CF3000592578 /* CreateSessionViewController.swift */,
				4A2FB3A72BF362EA0048F5B9 /* CreateSessionPresenter.swift */,
				4A6280432BEAAC3800102304 /* CreateSessionTableViewCell.swift */,
				4A6280492BECEB2300102304 /* CreateSessionCollectionCell.swift */,
				4AAEABAD2C15EEFC00A14C1D /* CreateSessionCoordinator.swift */,
				4AAEABAF2C15EF9600A14C1D /* CreateSessionFactory.swift */,
			);
			path = CreateSessionFlow;
			sourceTree = "<group>";
		};
		E2B9BFA02BD7CDE500592578 /* FavoriteMoviesFlow */ = {
			isa = PBXGroup;
			children = (
				E2B9BFA92BD7CF7A00592578 /* FavoriteMoviesViewController.swift */,
			);
			path = FavoriteMoviesFlow;
			sourceTree = "<group>";
		};
		E9A270202BE52B980088652B /* Mistakes */ = {
			isa = PBXGroup;
			children = (
				E9A270212BE52BC20088652B /* MistakesViewController.swift */,
			);
			path = Mistakes;
			sourceTree = "<group>";
		};
		E9C34A312C135EAC002628F9 /* SessionsListFlow */ = {
			isa = PBXGroup;
			children = (
				E9FA32EC2C1A2DA700036043 /* Elements */,
				E9C34A322C135F57002628F9 /* SessionsListViewController.swift */,
				E9C34A342C136085002628F9 /* SessionsListModel.swift */,
				E9FA32EA2C1A2B6B00036043 /* SessionsListCoordinator.swift */,
				E916A4AA2C26EA6D00B2C5D7 /* SessionsListViewControllerProtocol.swift */,
				E9FA32ED2C1A2FF300036043 /* SessionsListPresenterProtocol.swift */,
				E9FA32EF2C1A309300036043 /* SessionsListPresenter.swift */,
			);
			path = SessionsListFlow;
			sourceTree = "<group>";
		};
		E9FA32EC2C1A2DA700036043 /* Elements */ = {
			isa = PBXGroup;
			children = (
				E9A9E74D2C1345D100AEF879 /* SessionsListCell.swift */,
				E9A9E74B2C133CC600AEF879 /* SessionsListEmptyView.swift */,
			);
			path = Elements;
			sourceTree = "<group>";
		};
/* End PBXGroup section */

/* Begin PBXNativeTarget section */
		C9C4D5992BD3A3C70081CD23 /* DavaiPosmotrim */ = {
			isa = PBXNativeTarget;
			buildConfigurationList = C9C4D5AE2BD3A3CB0081CD23 /* Build configuration list for PBXNativeTarget "DavaiPosmotrim" */;
			buildPhases = (
				C9C4D5962BD3A3C70081CD23 /* Sources */,
				C9C4D5BA2BD3B5380081CD23 /* SwiftLint */,
				C9C4D5972BD3A3C70081CD23 /* Frameworks */,
				C9C4D5982BD3A3C70081CD23 /* Resources */,
			);
			buildRules = (
			);
			dependencies = (
			);
			name = DavaiPosmotrim;
			packageProductDependencies = (
				C9C4D5B32BD3B3810081CD23 /* Kingfisher */,
				C90CAB362BFAFA6B00B42456 /* Swinject */,
			);
			productName = DavaiPosmotrim;
			productReference = C9C4D59A2BD3A3C70081CD23 /* DavaiPosmotrim.app */;
			productType = "com.apple.product-type.application";
		};
/* End PBXNativeTarget section */

/* Begin PBXProject section */
		C9C4D5922BD3A3C70081CD23 /* Project object */ = {
			isa = PBXProject;
			attributes = {
				BuildIndependentTargetsInParallel = 1;
				LastSwiftUpdateCheck = 1530;
				LastUpgradeCheck = 1530;
				TargetAttributes = {
					C9C4D5992BD3A3C70081CD23 = {
						CreatedOnToolsVersion = 15.3;
					};
				};
			};
			buildConfigurationList = C9C4D5952BD3A3C70081CD23 /* Build configuration list for PBXProject "DavaiPosmotrim" */;
			compatibilityVersion = "Xcode 14.0";
			developmentRegion = en;
			hasScannedForEncodings = 0;
			knownRegions = (
				en,
				Base,
			);
			mainGroup = C9C4D5912BD3A3C70081CD23;
			packageReferences = (
				C9C4D5B12BD3B27D0081CD23 /* XCRemoteSwiftPackageReference "Moya" */,
				C9C4D5B22BD3B3810081CD23 /* XCRemoteSwiftPackageReference "Kingfisher" */,
				C90CAB352BFAFA6B00B42456 /* XCRemoteSwiftPackageReference "Swinject" */,
			);
			productRefGroup = C9C4D59B2BD3A3C70081CD23 /* Products */;
			projectDirPath = "";
			projectRoot = "";
			targets = (
				C9C4D5992BD3A3C70081CD23 /* DavaiPosmotrim */,
			);
		};
/* End PBXProject section */

/* Begin PBXResourcesBuildPhase section */
		C9C4D5982BD3A3C70081CD23 /* Resources */ = {
			isa = PBXResourcesBuildPhase;
			buildActionMask = 2147483647;
			files = (
				C9FCE9662BD3E4CF00FE655D /* DaysOne-Regular.ttf in Resources */,
				C9FCE96A2BD3E4D800FE655D /* Inter-SemiBold.otf in Resources */,
				C9FCE9692BD3E4D600FE655D /* Inter-Regular.otf in Resources */,
				C9FCE9672BD3E4D200FE655D /* Inter-Bold.otf in Resources */,
				C9C4D5A72BD3A3CB0081CD23 /* Assets.xcassets in Resources */,
				C9FCE9682BD3E4D300FE655D /* Inter-Medium.otf in Resources */,
				C9C4D5AA2BD3A3CB0081CD23 /* Base in Resources */,
			);
			runOnlyForDeploymentPostprocessing = 0;
		};
/* End PBXResourcesBuildPhase section */

/* Begin PBXShellScriptBuildPhase section */
		C9C4D5BA2BD3B5380081CD23 /* SwiftLint */ = {
			isa = PBXShellScriptBuildPhase;
			alwaysOutOfDate = 1;
			buildActionMask = 2147483647;
			files = (
			);
			inputFileListPaths = (
			);
			inputPaths = (
			);
			name = SwiftLint;
			outputFileListPaths = (
			);
			outputPaths = (
			);
			runOnlyForDeploymentPostprocessing = 0;
			shellPath = /bin/sh;
			shellScript = "echo \"PATH is $PATH\"\nif [ -x /opt/homebrew/bin/swiftlint ]; then\n   /opt/homebrew/bin/swiftlint\nelse\n   echo \"warning: SwiftLint not installed, download from https://github.com/realm/SwiftLint\"\nfi\n";
		};
/* End PBXShellScriptBuildPhase section */

/* Begin PBXSourcesBuildPhase section */
		C9C4D5962BD3A3C70081CD23 /* Sources */ = {
			isa = PBXSourcesBuildPhase;
			buildActionMask = 2147483647;
			files = (
				C9B57C6C2C0607450026E85D /* DismissJoinSessionViewController.swift in Sources */,
				4A6280362BDED59F00102304 /* MainSceneFactory.swift in Sources */,
				4A6280382BDED62600102304 /* MainPresenter.swift in Sources */,
				E9A9E74E2C1345D100AEF879 /* SessionsListCell.swift in Sources */,
				4A6280422BE9001200102304 /* CustomNavigationBar.swift in Sources */,
				E2EFF0EE2C0613710022D54C /* InvitingUsersPresenter.swift in Sources */,
				4A62804F2BF13DBE00102304 /* InvitingUsersViewController.swift in Sources */,
				4A6280462BEAB02E00102304 /* CreateSessionCellModel.swift in Sources */,
				E2B9BFA42BD7CF0300592578 /* MainViewController.swift in Sources */,
				4AE89A492C0B2275008DD0D4 /* CustomMovieSelection.swift in Sources */,
				4AAEABB62C1DB54900A14C1D /* SelectionMoviesPresenterProtocol.swift in Sources */,
				E2EFF0F02C0613D30022D54C /* InvitingUsersCoordinator.swift in Sources */,
				C96895CF2BE835EA002A99E6 /* AuthPresenterProtocol.swift in Sources */,
				C9C4D59E2BD3A3C70081CD23 /* AppDelegate.swift in Sources */,
				E2B9BFA22BD7CEC300592578 /* AuthViewController.swift in Sources */,
				4AE89A442C08ACF9008DD0D4 /* SelectionMoviesViewController.swift in Sources */,
				4A6280482BEAB1FA00102304 /* MovieMockData.swift in Sources */,
				E2B9BFAA2BD7CF7A00592578 /* FavoriteMoviesViewController.swift in Sources */,
				E9A2701F2BE4C2940088652B /* CGFloat+Extensions.swift in Sources */,
				E2EFF0EC2C06134B0022D54C /* InvitingUsersPresenterProtocol.swift in Sources */,
				E2B9BFAE2BD8080100592578 /* OnboardingSceneFactory.swift in Sources */,
				E2B9BF892BD7BA2C00592578 /* AppCoordinatorProtocol.swift in Sources */,
				E9C34A332C135F57002628F9 /* SessionsListViewController.swift in Sources */,
				E2B9BFA62BD7CF3000592578 /* CreateSessionViewController.swift in Sources */,
				C90CAB342BFAFA1100B42456 /* JoinSessionViewController.swift in Sources */,
				C91DCC7E2C006AE1001BC065 /* ReusableUICollectionView.swift in Sources */,
				C91DCC762BFEA1FA001BC065 /* JoinSessionPresenter.swift in Sources */,
				4AAEABC82C301D6A00A14C1D /* DismissSelectionMoviesDelegate.swift in Sources */,
				E9FA32F02C1A309300036043 /* SessionsListPresenter.swift in Sources */,
				C91332D72C10BEEB0036FC44 /* MovieSelectionOnboardingPresenter.swift in Sources */,
				C9147CB32C067FCC0086A663 /* DismissJoinSessionDelegate.swift in Sources */,
				C917E3F72BE6CF8200B34639 /* AuthViewProtocol.swift in Sources */,
				4A2FB3A82BF362EA0048F5B9 /* CreateSessionPresenter.swift in Sources */,
				4AAEABA72C0C81C700A14C1D /* CustomMovieCollectionCell.swift in Sources */,
				4A62804A2BECEB2300102304 /* CreateSessionCollectionCell.swift in Sources */,
				4A2FB3AC2BF373A10048F5B9 /* UICollectionViewLayout+Extension.swift in Sources */,
				E2EFF0F42C0616840022D54C /* InvitingUsersViewProtocol.swift in Sources */,
				4A6280442BEAAC3800102304 /* CreateSessionTableViewCell.swift in Sources */,
				4A6280322BDE846900102304 /* MainTableViewCell.swift in Sources */,
				4AAEABBA2C1DD24500A14C1D /* SelectionMoviesCoordinator.swift in Sources */,
				4A62804C2BF0EB7300102304 /* CustomWarningNotification.swift in Sources */,
				E9A9E74C2C133CC600AEF879 /* SessionsListEmptyView.swift in Sources */,
				C91DCC7C2BFEA33E001BC065 /* JoinSessionViewProtocol.swift in Sources */,
				E2B9BF872BD7B8EF00592578 /* CoordinatorProtocol.swift in Sources */,
				C917E3F52BE6CED000B34639 /* AuthCoordinator.swift in Sources */,
				C91332D52C10BE820036FC44 /* MovieSelectionOnboardingCoordinator.swift in Sources */,
				C91DCC7A2BFEA31A001BC065 /* JoinSessionPresenterProtocol.swift in Sources */,
				C91332D32C10B5DC0036FC44 /* MovieSelectionOnboardingViewController.swift in Sources */,
				E2B9BF972BD7C67600592578 /* OnboardingCoordinator.swift in Sources */,
				4A2FB3B02BF780150048F5B9 /* CustomSegmentedControl.swift in Sources */,
				C91332DB2C10BFA30036FC44 /* MovieSelectionOnboardingSceneFactory.swift in Sources */,
				E2B9BF952BD7C58F00592578 /* AppCoordinator.swift in Sources */,
				E2EFF0F22C0615D60022D54C /* InvitingUsersFactory.swift in Sources */,
				4A6280342BDED4E500102304 /* MainCoordinator.swift in Sources */,
				4AAEABB82C1DD20A00A14C1D /* SelectionMoviesFactory.swift in Sources */,
				4AAEABB22C1761F600A14C1D /* UIImage+Extension.swift in Sources */,
				C9147CB12C0611F50086A663 /* CustomAlertView.swift in Sources */,
				C91DCC742BFEA1E8001BC065 /* JoinSessionCoordinator.swift in Sources */,
				E2B9BF932BD7C45B00592578 /* BaseCoordinator.swift in Sources */,
				E9C34A352C136085002628F9 /* SessionsListModel.swift in Sources */,
				C91332DE2C11F0C20036FC44 /* ReusableOnboardingView.swift in Sources */,
				4AAEABC32C2F04D100A14C1D /* CustomAlertOneButtonView.swift in Sources */,
				E9FA32EE2C1A2FF300036043 /* SessionsListPresenterProtocol.swift in Sources */,
				C9AF1EB52C0A0FA90080FC4A /* OnboardingPresenter.swift in Sources */,
				4AAEABC62C301D4000A14C1D /* DismissSelectionMoviesViewController.swift in Sources */,
				C917E3FB2BE6D12000B34639 /* AuthSceneFactory.swift in Sources */,
				4AAEABA22C0C66D400A14C1D /* SelectionMovieMockData.swift in Sources */,
				4AAEABBD2C1DD6FA00A14C1D /* MatchViewController.swift in Sources */,
				4AAEABBF2C261BCB00A14C1D /* SelectionMoviesViewProtocol.swift in Sources */,
				4AE89A472C08AF53008DD0D4 /* CustomNavigationBarTwoButtons.swift in Sources */,
				E2B9BFAC2BD8034C00592578 /* OnboardingPresenterProtocol.swift in Sources */,
				4AAEABAC2C148BC000A14C1D /* CoincidencesViewController.swift in Sources */,
				4AAEABA42C0C673800A14C1D /* SelectionMovieCellModel.swift in Sources */,
				C917E3F92BE6CFC700B34639 /* AuthPresenter.swift in Sources */,
				C964B70D2BD8135400CF9AF0 /* OnboardingViewController.swift in Sources */,
				C9FCE96D2BD3E53C00FE655D /* UIFont+Extension.swift in Sources */,
				E9BEFD802BE7D53A002E940B /* RoundedButton.swift in Sources */,
				4A6280402BE3F23100102304 /* MainCellModel.swift in Sources */,
				C91DCC802C00B4F0001BC065 /* ReusableUICollectionViewCell.swift in Sources */,
				4A62803E2BE2C72B00102304 /* MainPresenterProtocol.swift in Sources */,
				C964B7102BD813B500CF9AF0 /* CustomButtons.swift in Sources */,
				E9A270222BE52BC20088652B /* MistakesViewController.swift in Sources */,
				4AAEABB02C15EF9600A14C1D /* CreateSessionFactory.swift in Sources */,
				C91DCC782BFEA20F001BC065 /* JoinSessionSceneFactory.swift in Sources */,
				E916A4AB2C26EA6D00B2C5D7 /* SessionsListViewControllerProtocol.swift in Sources */,
				C91332D92C10BF2B0036FC44 /* MovieSelectionOnboardingProtocol.swift in Sources */,
				C96895D12BE88E4B002A99E6 /* Resources.swift in Sources */,
				4AAEABAE2C15EEFC00A14C1D /* CreateSessionCoordinator.swift in Sources */,
				4A2FB3AE2BF374F60048F5B9 /* CreateSessionPresenterProtocol.swift in Sources */,
				C91332E02C11F2470036FC44 /* ReusableOnboardingCollectionViewCell.swift in Sources */,
				4AAEABB42C1DB51E00A14C1D /* SelectionMoviesPresenter.swift in Sources */,
				C9C4D5A02BD3A3C70081CD23 /* SceneDelegate.swift in Sources */,
				E9FA32EB2C1A2B6B00036043 /* SessionsListCoordinator.swift in Sources */,
			);
			runOnlyForDeploymentPostprocessing = 0;
		};
/* End PBXSourcesBuildPhase section */

/* Begin PBXVariantGroup section */
		C9C4D5A82BD3A3CB0081CD23 /* LaunchScreen.storyboard */ = {
			isa = PBXVariantGroup;
			children = (
				C9C4D5A92BD3A3CB0081CD23 /* Base */,
			);
			name = LaunchScreen.storyboard;
			sourceTree = "<group>";
		};
/* End PBXVariantGroup section */

/* Begin XCBuildConfiguration section */
		C9C4D5AC2BD3A3CB0081CD23 /* Debug */ = {
			isa = XCBuildConfiguration;
			buildSettings = {
				ALWAYS_SEARCH_USER_PATHS = NO;
				ASSETCATALOG_COMPILER_GENERATE_SWIFT_ASSET_SYMBOL_EXTENSIONS = YES;
				CLANG_ANALYZER_NONNULL = YES;
				CLANG_ANALYZER_NUMBER_OBJECT_CONVERSION = YES_AGGRESSIVE;
				CLANG_CXX_LANGUAGE_STANDARD = "gnu++20";
				CLANG_ENABLE_MODULES = YES;
				CLANG_ENABLE_OBJC_ARC = YES;
				CLANG_ENABLE_OBJC_WEAK = YES;
				CLANG_WARN_BLOCK_CAPTURE_AUTORELEASING = YES;
				CLANG_WARN_BOOL_CONVERSION = YES;
				CLANG_WARN_COMMA = YES;
				CLANG_WARN_CONSTANT_CONVERSION = YES;
				CLANG_WARN_DEPRECATED_OBJC_IMPLEMENTATIONS = YES;
				CLANG_WARN_DIRECT_OBJC_ISA_USAGE = YES_ERROR;
				CLANG_WARN_DOCUMENTATION_COMMENTS = YES;
				CLANG_WARN_EMPTY_BODY = YES;
				CLANG_WARN_ENUM_CONVERSION = YES;
				CLANG_WARN_INFINITE_RECURSION = YES;
				CLANG_WARN_INT_CONVERSION = YES;
				CLANG_WARN_NON_LITERAL_NULL_CONVERSION = YES;
				CLANG_WARN_OBJC_IMPLICIT_RETAIN_SELF = YES;
				CLANG_WARN_OBJC_LITERAL_CONVERSION = YES;
				CLANG_WARN_OBJC_ROOT_CLASS = YES_ERROR;
				CLANG_WARN_QUOTED_INCLUDE_IN_FRAMEWORK_HEADER = YES;
				CLANG_WARN_RANGE_LOOP_ANALYSIS = YES;
				CLANG_WARN_STRICT_PROTOTYPES = YES;
				CLANG_WARN_SUSPICIOUS_MOVE = YES;
				CLANG_WARN_UNGUARDED_AVAILABILITY = YES_AGGRESSIVE;
				CLANG_WARN_UNREACHABLE_CODE = YES;
				CLANG_WARN__DUPLICATE_METHOD_MATCH = YES;
				COPY_PHASE_STRIP = NO;
				DEBUG_INFORMATION_FORMAT = dwarf;
				ENABLE_STRICT_OBJC_MSGSEND = YES;
				ENABLE_TESTABILITY = YES;
				ENABLE_USER_SCRIPT_SANDBOXING = YES;
				GCC_C_LANGUAGE_STANDARD = gnu17;
				GCC_DYNAMIC_NO_PIC = NO;
				GCC_NO_COMMON_BLOCKS = YES;
				GCC_OPTIMIZATION_LEVEL = 0;
				GCC_PREPROCESSOR_DEFINITIONS = (
					"DEBUG=1",
					"$(inherited)",
				);
				GCC_WARN_64_TO_32_BIT_CONVERSION = YES;
				GCC_WARN_ABOUT_RETURN_TYPE = YES_ERROR;
				GCC_WARN_UNDECLARED_SELECTOR = YES;
				GCC_WARN_UNINITIALIZED_AUTOS = YES_AGGRESSIVE;
				GCC_WARN_UNUSED_FUNCTION = YES;
				GCC_WARN_UNUSED_VARIABLE = YES;
				IPHONEOS_DEPLOYMENT_TARGET = 14.0;
				LOCALIZATION_PREFERS_STRING_CATALOGS = YES;
				MTL_ENABLE_DEBUG_INFO = INCLUDE_SOURCE;
				MTL_FAST_MATH = YES;
				ONLY_ACTIVE_ARCH = YES;
				SDKROOT = iphoneos;
				SWIFT_ACTIVE_COMPILATION_CONDITIONS = "DEBUG $(inherited)";
				SWIFT_OPTIMIZATION_LEVEL = "-Onone";
			};
			name = Debug;
		};
		C9C4D5AD2BD3A3CB0081CD23 /* Release */ = {
			isa = XCBuildConfiguration;
			buildSettings = {
				ALWAYS_SEARCH_USER_PATHS = NO;
				ASSETCATALOG_COMPILER_GENERATE_SWIFT_ASSET_SYMBOL_EXTENSIONS = YES;
				CLANG_ANALYZER_NONNULL = YES;
				CLANG_ANALYZER_NUMBER_OBJECT_CONVERSION = YES_AGGRESSIVE;
				CLANG_CXX_LANGUAGE_STANDARD = "gnu++20";
				CLANG_ENABLE_MODULES = YES;
				CLANG_ENABLE_OBJC_ARC = YES;
				CLANG_ENABLE_OBJC_WEAK = YES;
				CLANG_WARN_BLOCK_CAPTURE_AUTORELEASING = YES;
				CLANG_WARN_BOOL_CONVERSION = YES;
				CLANG_WARN_COMMA = YES;
				CLANG_WARN_CONSTANT_CONVERSION = YES;
				CLANG_WARN_DEPRECATED_OBJC_IMPLEMENTATIONS = YES;
				CLANG_WARN_DIRECT_OBJC_ISA_USAGE = YES_ERROR;
				CLANG_WARN_DOCUMENTATION_COMMENTS = YES;
				CLANG_WARN_EMPTY_BODY = YES;
				CLANG_WARN_ENUM_CONVERSION = YES;
				CLANG_WARN_INFINITE_RECURSION = YES;
				CLANG_WARN_INT_CONVERSION = YES;
				CLANG_WARN_NON_LITERAL_NULL_CONVERSION = YES;
				CLANG_WARN_OBJC_IMPLICIT_RETAIN_SELF = YES;
				CLANG_WARN_OBJC_LITERAL_CONVERSION = YES;
				CLANG_WARN_OBJC_ROOT_CLASS = YES_ERROR;
				CLANG_WARN_QUOTED_INCLUDE_IN_FRAMEWORK_HEADER = YES;
				CLANG_WARN_RANGE_LOOP_ANALYSIS = YES;
				CLANG_WARN_STRICT_PROTOTYPES = YES;
				CLANG_WARN_SUSPICIOUS_MOVE = YES;
				CLANG_WARN_UNGUARDED_AVAILABILITY = YES_AGGRESSIVE;
				CLANG_WARN_UNREACHABLE_CODE = YES;
				CLANG_WARN__DUPLICATE_METHOD_MATCH = YES;
				COPY_PHASE_STRIP = NO;
				DEBUG_INFORMATION_FORMAT = "dwarf-with-dsym";
				ENABLE_NS_ASSERTIONS = NO;
				ENABLE_STRICT_OBJC_MSGSEND = YES;
				ENABLE_USER_SCRIPT_SANDBOXING = YES;
				GCC_C_LANGUAGE_STANDARD = gnu17;
				GCC_NO_COMMON_BLOCKS = YES;
				GCC_WARN_64_TO_32_BIT_CONVERSION = YES;
				GCC_WARN_ABOUT_RETURN_TYPE = YES_ERROR;
				GCC_WARN_UNDECLARED_SELECTOR = YES;
				GCC_WARN_UNINITIALIZED_AUTOS = YES_AGGRESSIVE;
				GCC_WARN_UNUSED_FUNCTION = YES;
				GCC_WARN_UNUSED_VARIABLE = YES;
				IPHONEOS_DEPLOYMENT_TARGET = 14.0;
				LOCALIZATION_PREFERS_STRING_CATALOGS = YES;
				MTL_ENABLE_DEBUG_INFO = NO;
				MTL_FAST_MATH = YES;
				SDKROOT = iphoneos;
				SWIFT_COMPILATION_MODE = wholemodule;
				VALIDATE_PRODUCT = YES;
			};
			name = Release;
		};
		C9C4D5AF2BD3A3CB0081CD23 /* Debug */ = {
			isa = XCBuildConfiguration;
			buildSettings = {
				ASSETCATALOG_COMPILER_APPICON_NAME = AppIcon;
				ASSETCATALOG_COMPILER_GLOBAL_ACCENT_COLOR_NAME = AccentColor;
				CODE_SIGN_STYLE = Automatic;
				CURRENT_PROJECT_VERSION = 1;
				DEVELOPMENT_TEAM = G2Z3KJVPLW;
				ENABLE_USER_SCRIPT_SANDBOXING = NO;
				GENERATE_INFOPLIST_FILE = YES;
				INFOPLIST_FILE = DavaiPosmotrim/Info.plist;
				INFOPLIST_KEY_LSApplicationCategoryType = "public.app-category.entertainment";
				INFOPLIST_KEY_UIApplicationSupportsIndirectInputEvents = YES;
				INFOPLIST_KEY_UILaunchStoryboardName = LaunchScreen;
				INFOPLIST_KEY_UIMainStoryboardFile = "";
				INFOPLIST_KEY_UISupportedInterfaceOrientations_iPad = "UIInterfaceOrientationPortrait UIInterfaceOrientationPortraitUpsideDown UIInterfaceOrientationLandscapeLeft UIInterfaceOrientationLandscapeRight";
				INFOPLIST_KEY_UISupportedInterfaceOrientations_iPhone = "UIInterfaceOrientationPortrait UIInterfaceOrientationLandscapeLeft UIInterfaceOrientationLandscapeRight";
				IPHONEOS_DEPLOYMENT_TARGET = 14.0;
				LD_RUNPATH_SEARCH_PATHS = (
					"$(inherited)",
					"@executable_path/Frameworks",
				);
				MARKETING_VERSION = 1.0;
				PRODUCT_BUNDLE_IDENTIFIER = com.DavaiPosmotrimTeam.DavaiPosmotrim;
				PRODUCT_NAME = "$(TARGET_NAME)";
				SUPPORTED_PLATFORMS = "iphoneos iphonesimulator";
				SUPPORTS_MACCATALYST = NO;
				SUPPORTS_MAC_DESIGNED_FOR_IPHONE_IPAD = NO;
				SUPPORTS_XR_DESIGNED_FOR_IPHONE_IPAD = NO;
				SWIFT_EMIT_LOC_STRINGS = YES;
				SWIFT_VERSION = 5.0;
				TARGETED_DEVICE_FAMILY = 1;
			};
			name = Debug;
		};
		C9C4D5B02BD3A3CB0081CD23 /* Release */ = {
			isa = XCBuildConfiguration;
			buildSettings = {
				ASSETCATALOG_COMPILER_APPICON_NAME = AppIcon;
				ASSETCATALOG_COMPILER_GLOBAL_ACCENT_COLOR_NAME = AccentColor;
				CODE_SIGN_STYLE = Automatic;
				CURRENT_PROJECT_VERSION = 1;
				DEVELOPMENT_TEAM = G2Z3KJVPLW;
				ENABLE_USER_SCRIPT_SANDBOXING = NO;
				GENERATE_INFOPLIST_FILE = YES;
				INFOPLIST_FILE = DavaiPosmotrim/Info.plist;
				INFOPLIST_KEY_LSApplicationCategoryType = "public.app-category.entertainment";
				INFOPLIST_KEY_UIApplicationSupportsIndirectInputEvents = YES;
				INFOPLIST_KEY_UILaunchStoryboardName = LaunchScreen;
				INFOPLIST_KEY_UIMainStoryboardFile = "";
				INFOPLIST_KEY_UISupportedInterfaceOrientations_iPad = "UIInterfaceOrientationPortrait UIInterfaceOrientationPortraitUpsideDown UIInterfaceOrientationLandscapeLeft UIInterfaceOrientationLandscapeRight";
				INFOPLIST_KEY_UISupportedInterfaceOrientations_iPhone = "UIInterfaceOrientationPortrait UIInterfaceOrientationLandscapeLeft UIInterfaceOrientationLandscapeRight";
				IPHONEOS_DEPLOYMENT_TARGET = 14.0;
				LD_RUNPATH_SEARCH_PATHS = (
					"$(inherited)",
					"@executable_path/Frameworks",
				);
				MARKETING_VERSION = 1.0;
				PRODUCT_BUNDLE_IDENTIFIER = com.DavaiPosmotrimTeam.DavaiPosmotrim;
				PRODUCT_NAME = "$(TARGET_NAME)";
				SUPPORTED_PLATFORMS = "iphoneos iphonesimulator";
				SUPPORTS_MACCATALYST = NO;
				SUPPORTS_MAC_DESIGNED_FOR_IPHONE_IPAD = NO;
				SUPPORTS_XR_DESIGNED_FOR_IPHONE_IPAD = NO;
				SWIFT_EMIT_LOC_STRINGS = YES;
				SWIFT_VERSION = 5.0;
				TARGETED_DEVICE_FAMILY = 1;
			};
			name = Release;
		};
/* End XCBuildConfiguration section */

/* Begin XCConfigurationList section */
		C9C4D5952BD3A3C70081CD23 /* Build configuration list for PBXProject "DavaiPosmotrim" */ = {
			isa = XCConfigurationList;
			buildConfigurations = (
				C9C4D5AC2BD3A3CB0081CD23 /* Debug */,
				C9C4D5AD2BD3A3CB0081CD23 /* Release */,
			);
			defaultConfigurationIsVisible = 0;
			defaultConfigurationName = Release;
		};
		C9C4D5AE2BD3A3CB0081CD23 /* Build configuration list for PBXNativeTarget "DavaiPosmotrim" */ = {
			isa = XCConfigurationList;
			buildConfigurations = (
				C9C4D5AF2BD3A3CB0081CD23 /* Debug */,
				C9C4D5B02BD3A3CB0081CD23 /* Release */,
			);
			defaultConfigurationIsVisible = 0;
			defaultConfigurationName = Release;
		};
/* End XCConfigurationList section */

/* Begin XCRemoteSwiftPackageReference section */
		C90CAB352BFAFA6B00B42456 /* XCRemoteSwiftPackageReference "Swinject" */ = {
			isa = XCRemoteSwiftPackageReference;
			repositoryURL = "https://github.com/Swinject/Swinject.git";
			requirement = {
				kind = upToNextMajorVersion;
				minimumVersion = 2.8.8;
			};
		};
		C9C4D5B12BD3B27D0081CD23 /* XCRemoteSwiftPackageReference "Moya" */ = {
			isa = XCRemoteSwiftPackageReference;
			repositoryURL = "https://github.com/Moya/Moya.git";
			requirement = {
				kind = upToNextMajorVersion;
				minimumVersion = 15.0.3;
			};
		};
		C9C4D5B22BD3B3810081CD23 /* XCRemoteSwiftPackageReference "Kingfisher" */ = {
			isa = XCRemoteSwiftPackageReference;
			repositoryURL = "https://github.com/onevcat/Kingfisher.git";
			requirement = {
				kind = upToNextMajorVersion;
				minimumVersion = 7.11.0;
			};
		};
/* End XCRemoteSwiftPackageReference section */

/* Begin XCSwiftPackageProductDependency section */
		C90CAB362BFAFA6B00B42456 /* Swinject */ = {
			isa = XCSwiftPackageProductDependency;
			package = C90CAB352BFAFA6B00B42456 /* XCRemoteSwiftPackageReference "Swinject" */;
			productName = Swinject;
		};
		C9C4D5B32BD3B3810081CD23 /* Kingfisher */ = {
			isa = XCSwiftPackageProductDependency;
			package = C9C4D5B22BD3B3810081CD23 /* XCRemoteSwiftPackageReference "Kingfisher" */;
			productName = Kingfisher;
		};
/* End XCSwiftPackageProductDependency section */
	};
	rootObject = C9C4D5922BD3A3C70081CD23 /* Project object */;
}
